Microsoft Visual Studio Solution File, Format Version 12.00
# Visual Studio Version 17
VisualStudioVersion = 17.5.2.0
MinimumVisualStudioVersion = 10.0.40219.1
Project("{9A19103F-16F7-4668-BE54-9A1E7A4F7556}") = "Banter", "Banter.csproj", "{6C60D9CD-37B5-42FD-7DE7-53158F2108F4}"
EndProject
Global
	GlobalSection(SolutionConfigurationPlatforms) = preSolution
		Debug|Any CPU = Debug|Any CPU
		Release|Any CPU = Release|Any CPU
	EndGlobalSection
	GlobalSection(ProjectConfigurationPlatforms) = postSolution
		{6C60D9CD-37B5-42FD-7DE7-53158F2108F4}.Debug|Any CPU.ActiveCfg = Debug|Any CPU
		{6C60D9CD-37B5-42FD-7DE7-53158F2108F4}.Debug|Any CPU.Build.0 = Debug|Any CPU
		{6C60D9CD-37B5-42FD-7DE7-53158F2108F4}.Release|Any CPU.ActiveCfg = Release|Any CPU
		{6C60D9CD-37B5-42FD-7DE7-53158F2108F4}.Release|Any CPU.Build.0 = Release|Any CPU
	EndGlobalSection
	GlobalSection(SolutionProperties) = preSolution
		HideSolutionNode = FALSE
	EndGlobalSection
	GlobalSection(ExtensibilityGlobals) = postSolution
		SolutionGuid = {732F190A-D5CC-4BAA-9E8B-1357829302E5}
	EndGlobalSection
EndGlobal
